<?xml version="1.0" encoding="utf-8"?>
<Project ToolsVersion="4.0" xmlns="http://schemas.microsoft.com/developer/msbuild/2003">
  <ItemGroup>
    <Filter Include="소스 파일">
      <UniqueIdentifier>{4FC737F1-C7A5-4376-A066-2A32D752A2FF}</UniqueIdentifier>
      <Extensions>cpp;c;cc;cxx;c++;cppm;ixx;def;odl;idl;hpj;bat;asm;asmx</Extensions>
    </Filter>
    <Filter Include="헤더 파일">
      <UniqueIdentifier>{93995380-89BD-4b04-88EB-625FBE52EBFB}</UniqueIdentifier>
      <Extensions>h;hh;hpp;hxx;h++;hm;inl;inc;ipp;xsd</Extensions>
    </Filter>
    <Filter Include="리소스 파일">
      <UniqueIdentifier>{67DA6AB6-F800-4c08-8B7A-83BB121AAD01}</UniqueIdentifier>
      <Extensions>rc;ico;cur;bmp;dlg;rc2;rct;bin;rgs;gif;jpg;jpeg;jpe;resx;tiff;tif;png;wav;mfcribbon-ms</Extensions>
    </Filter>
    <Filter Include="소스 파일\Scene">
      <UniqueIdentifier>{cba8e78c-c542-471b-b0d2-2aa766230987}</UniqueIdentifier>
    </Filter>
    <Filter Include="헤더 파일\Scene">
      <UniqueIdentifier>{434df1fc-06b8-4b48-bf8a-ab2765465902}</UniqueIdentifier>
    </Filter>
    <Filter Include="소스 파일\Renderer">
      <UniqueIdentifier>{ebe30657-d00b-4181-b770-262a9580dc85}</UniqueIdentifier>
    </Filter>
    <Filter Include="헤더 파일\Renderer">
      <UniqueIdentifier>{e72ff644-e39b-44f5-8da1-c2cd4d3abd38}</UniqueIdentifier>
    </Filter>
    <Filter Include="소스 파일\Camera">
      <UniqueIdentifier>{528de507-9a6f-45bd-b783-89d2d3a3415b}</UniqueIdentifier>
    </Filter>
    <Filter Include="헤더 파일\Camera">
      <UniqueIdentifier>{722a4e29-186b-4d59-abd4-76790a0450c8}</UniqueIdentifier>
    </Filter>
    <Filter Include="헤더 파일\Helper">
      <UniqueIdentifier>{4c4241ae-beca-42f7-a827-7dcc998990cc}</UniqueIdentifier>
    </Filter>
    <Filter Include="소스 파일\Helper">
      <UniqueIdentifier>{90a55ebb-843a-40e4-a63c-c6bc40ca0160}</UniqueIdentifier>
    </Filter>
    <Filter Include="소스 파일\ResourceManager">
      <UniqueIdentifier>{5a89e9ff-7eba-4085-b727-cd6b73542e85}</UniqueIdentifier>
    </Filter>
    <Filter Include="헤더 파일\ResourceManager">
      <UniqueIdentifier>{00fe79bc-4048-42f0-a9e1-dc0b5c5a5d4e}</UniqueIdentifier>
    </Filter>
    <Filter Include="헤더 파일\Input">
      <UniqueIdentifier>{0ad1676f-b6e3-4001-bf30-f642795606cd}</UniqueIdentifier>
    </Filter>
    <Filter Include="소스 파일\Input">
      <UniqueIdentifier>{5ce35379-638a-4bf6-ad5e-11031a590ed8}</UniqueIdentifier>
    </Filter>
    <Filter Include="소스 파일\GameObject">
      <UniqueIdentifier>{13075479-00a9-40e6-af65-706ef0709e12}</UniqueIdentifier>
    </Filter>
    <Filter Include="헤더 파일\GameObject">
      <UniqueIdentifier>{0f78877e-4142-4597-b674-a1b765583477}</UniqueIdentifier>
    </Filter>
    <Filter Include="헤더 파일\Collider">
      <UniqueIdentifier>{5b012cd3-d7dc-4b05-86f2-d44a5d967bc8}</UniqueIdentifier>
    </Filter>
    <Filter Include="소스 파일\Collider">
      <UniqueIdentifier>{68994c1e-a6ca-42d1-9135-849aa55c75ff}</UniqueIdentifier>
    </Filter>
    <Filter Include="헤더 파일\Liner">
      <UniqueIdentifier>{c777a337-80a4-4b86-99d1-a65a470787e2}</UniqueIdentifier>
    </Filter>
    <Filter Include="소스 파일\Liner">
      <UniqueIdentifier>{6554b36a-1cc4-4678-9a19-ac2a2185c133}</UniqueIdentifier>
    </Filter>
  </ItemGroup>
  <ItemGroup>
    <ClInclude Include="framework.h">
      <Filter>헤더 파일</Filter>
    </ClInclude>
    <ClInclude Include="pch.h">
      <Filter>헤더 파일</Filter>
    </ClInclude>
    <ClInclude Include="Application.h">
      <Filter>헤더 파일</Filter>
    </ClInclude>
    <ClInclude Include="IScene.h">
      <Filter>헤더 파일\Scene</Filter>
    </ClInclude>
    <ClInclude Include="PlayScene.h">
      <Filter>헤더 파일\Scene</Filter>
    </ClInclude>
    <ClInclude Include="SceneManager.h">
      <Filter>헤더 파일\Scene</Filter>
    </ClInclude>
    <ClInclude Include="MenuScene.h">
      <Filter>헤더 파일\Scene</Filter>
    </ClInclude>
    <ClInclude Include="Scene.h">
      <Filter>헤더 파일\Scene</Filter>
    </ClInclude>
    <ClInclude Include="RendererManager.h">
      <Filter>헤더 파일\Renderer</Filter>
    </ClInclude>
    <ClInclude Include="Camera.h">
      <Filter>헤더 파일\Camera</Filter>
    </ClInclude>
    <ClInclude Include="Vector2.h">
      <Filter>헤더 파일\Helper</Filter>
    </ClInclude>
    <ClInclude Include="Transform.h">
      <Filter>헤더 파일\Helper</Filter>
    </ClInclude>
    <ClInclude Include="AppResourceManager.h">
      <Filter>헤더 파일\ResourceManager</Filter>
    </ClInclude>
    <ClInclude Include="D2DResourceManager.h">
      <Filter>헤더 파일\ResourceManager</Filter>
    </ClInclude>
    <ClInclude Include="InputConstants.h">
      <Filter>헤더 파일\Input</Filter>
    </ClInclude>
    <ClInclude Include="InputManager.h">
      <Filter>헤더 파일\Input</Filter>
    </ClInclude>
    <ClInclude Include="KeyboardInputManager.h">
      <Filter>헤더 파일\Input</Filter>
    </ClInclude>
    <ClInclude Include="GameObject.h">
      <Filter>헤더 파일\GameObject</Filter>
    </ClInclude>
    <ClInclude Include="Timer.h">
      <Filter>헤더 파일\Helper</Filter>
    </ClInclude>
    <ClInclude Include="DrawText.h">
      <Filter>헤더 파일</Filter>
    </ClInclude>
    <ClInclude Include="IRectAngle.h">
      <Filter>헤더 파일\Helper</Filter>
    </ClInclude>
    <ClInclude Include="RectAngle.h">
      <Filter>헤더 파일\Helper</Filter>
    </ClInclude>
    <ClInclude Include="ObjectBattle.h">
      <Filter>헤더 파일\GameObject</Filter>
    </ClInclude>
    <ClInclude Include="ObjectStatus.h">
      <Filter>헤더 파일\GameObject</Filter>
    </ClInclude>
    <ClInclude Include="EndScene.h">
      <Filter>헤더 파일\Scene</Filter>
    </ClInclude>
    <ClInclude Include="ColliderLiner.h">
      <Filter>헤더 파일</Filter>
    </ClInclude>
  </ItemGroup>
  <ItemGroup>
    <ClCompile Include="ShootModule.cpp">
      <Filter>소스 파일</Filter>
    </ClCompile>
    <ClCompile Include="pch.cpp">
      <Filter>소스 파일</Filter>
    </ClCompile>
    <ClCompile Include="Application.cpp">
      <Filter>소스 파일</Filter>
    </ClCompile>
    <ClCompile Include="PlayScene.cpp">
      <Filter>소스 파일\Scene</Filter>
    </ClCompile>
    <ClCompile Include="SceneManager.cpp">
      <Filter>소스 파일\Scene</Filter>
    </ClCompile>
    <ClCompile Include="MenuScene.cpp">
      <Filter>소스 파일\Scene</Filter>
    </ClCompile>
    <ClCompile Include="Scene.cpp">
      <Filter>소스 파일\Scene</Filter>
    </ClCompile>
    <ClCompile Include="RendererManager.cpp">
      <Filter>소스 파일\Renderer</Filter>
    </ClCompile>
    <ClCompile Include="Camera.cpp">
      <Filter>소스 파일\Camera</Filter>
    </ClCompile>
    <ClCompile Include="Vector2.cpp">
      <Filter>소스 파일\Helper</Filter>
    </ClCompile>
    <ClCompile Include="Transform.cpp">
      <Filter>소스 파일\Helper</Filter>
    </ClCompile>
    <ClCompile Include="AppResourceManager.cpp">
      <Filter>소스 파일\ResourceManager</Filter>
    </ClCompile>
    <ClCompile Include="D2DResourceManager.cpp">
      <Filter>소스 파일\ResourceManager</Filter>
    </ClCompile>
    <ClCompile Include="KeyboardInputManager.cpp">
      <Filter>소스 파일\Input</Filter>
    </ClCompile>
    <ClCompile Include="GameObject.cpp">
      <Filter>소스 파일\GameObject</Filter>
    </ClCompile>
    <ClCompile Include="Timer.cpp">
      <Filter>소스 파일\Helper</Filter>
    </ClCompile>
    <ClCompile Include="RectAngle.cpp">
      <Filter>소스 파일\Helper</Filter>
    </ClCompile>
    <ClCompile Include="EndScene.cpp">
      <Filter>소스 파일\Scene</Filter>
    </ClCompile>
    <ClCompile Include="DrawText.cpp">
      <Filter>소스 파일\Helper</Filter>
    </ClCompile>
    <ClCompile Include="ObjectBattle.cpp">
      <Filter>소스 파일\GameObject</Filter>
    </ClCompile>
    <ClCompile Include="ObjectStatus.cpp">
      <Filter>소스 파일\GameObject</Filter>
    </ClCompile>
    <ClCompile Include="ColliderLiner.cpp">
      <Filter>소스 파일</Filter>
    </ClCompile>
  </ItemGroup>
</Project>